// !$*UTF8*$!
{
	archiveVersion = 1;
	classes = {
	};
	objectVersion = 50;
	objects = {

/* Begin PBXBuildFile section */
		2520D4D3262A1C77005635EF /* StoryModel.swift in Sources */ = {isa = PBXBuildFile; fileRef = 2520D4D2262A1C77005635EF /* StoryModel.swift */; };
		2520D4D7262A1D07005635EF /* StoryBrain.swift in Sources */ = {isa = PBXBuildFile; fileRef = 2520D4D6262A1D07005635EF /* StoryBrain.swift */; };
		2569C0292629D6DD0003810E /* AppDelegate.swift in Sources */ = {isa = PBXBuildFile; fileRef = 2569C0282629D6DD0003810E /* AppDelegate.swift */; };
		2569C02B2629D6DD0003810E /* SceneDelegate.swift in Sources */ = {isa = PBXBuildFile; fileRef = 2569C02A2629D6DD0003810E /* SceneDelegate.swift */; };
		2569C02D2629D6DD0003810E /* ViewController.swift in Sources */ = {isa = PBXBuildFile; fileRef = 2569C02C2629D6DD0003810E /* ViewController.swift */; };
		2569C0302629D6DD0003810E /* Main.storyboard in Resources */ = {isa = PBXBuildFile; fileRef = 2569C02E2629D6DD0003810E /* Main.storyboard */; };
		2569C0322629D6DE0003810E /* Assets.xcassets in Resources */ = {isa = PBXBuildFile; fileRef = 2569C0312629D6DE0003810E /* Assets.xcassets */; };
		2569C0352629D6DE0003810E /* LaunchScreen.storyboard in Resources */ = {isa = PBXBuildFile; fileRef = 2569C0332629D6DE0003810E /* LaunchScreen.storyboard */; };
/* End PBXBuildFile section */

/* Begin PBXFileReference section */
		2520D4D2262A1C77005635EF /* StoryModel.swift */ = {isa = PBXFileReference; lastKnownFileType = sourcecode.swift; path = StoryModel.swift; sourceTree = "<group>"; };
		2520D4D6262A1D07005635EF /* StoryBrain.swift */ = {isa = PBXFileReference; lastKnownFileType = sourcecode.swift; path = StoryBrain.swift; sourceTree = "<group>"; };
		2569C0252629D6DD0003810E /* LillysStory.app */ = {isa = PBXFileReference; explicitFileType = wrapper.application; includeInIndex = 0; path = LillysStory.app; sourceTree = BUILT_PRODUCTS_DIR; };
		2569C0282629D6DD0003810E /* AppDelegate.swift */ = {isa = PBXFileReference; lastKnownFileType = sourcecode.swift; path = AppDelegate.swift; sourceTree = "<group>"; };
		2569C02A2629D6DD0003810E /* SceneDelegate.swift */ = {isa = PBXFileReference; lastKnownFileType = sourcecode.swift; path = SceneDelegate.swift; sourceTree = "<group>"; };
		2569C02C2629D6DD0003810E /* ViewController.swift */ = {isa = PBXFileReference; lastKnownFileType = sourcecode.swift; path = ViewController.swift; sourceTree = "<group>"; };
		2569C02F2629D6DD0003810E /* Base */ = {isa = PBXFileReference; lastKnownFileType = file.storyboard; name = Base; path = Base.lproj/Main.storyboard; sourceTree = "<group>"; };
		2569C0312629D6DE0003810E /* Assets.xcassets */ = {isa = PBXFileReference; lastKnownFileType = folder.assetcatalog; path = Assets.xcassets; sourceTree = "<group>"; };
		2569C0342629D6DE0003810E /* Base */ = {isa = PBXFileReference; lastKnownFileType = file.storyboard; name = Base; path = Base.lproj/LaunchScreen.storyboard; sourceTree = "<group>"; };
		2569C0362629D6DE0003810E /* Info.plist */ = {isa = PBXFileReference; lastKnownFileType = text.plist.xml; path = Info.plist; sourceTree = "<group>"; };
/* End PBXFileReference section */

/* Begin PBXFrameworksBuildPhase section */
		2569C0222629D6DD0003810E /* Frameworks */ = {
			isa = PBXFrameworksBuildPhase;
			buildActionMask = 2147483647;
			files = (
			);
			runOnlyForDeploymentPostprocessing = 0;
		};
/* End PBXFrameworksBuildPhase section */

/* Begin PBXGroup section */
		2520D4D1262A1C5A005635EF /* Model */ = {
			isa = PBXGroup;
			children = (
				2520D4D2262A1C77005635EF /* StoryModel.swift */,
				2520D4D6262A1D07005635EF /* StoryBrain.swift */,
			);
			path = Model;
			sourceTree = "<group>";
		};
		2569C01C2629D6DD0003810E = {
			isa = PBXGroup;
			children = (
				2569C0272629D6DD0003810E /* LillysStory */,
				2569C0262629D6DD0003810E /* Products */,
			);
			sourceTree = "<group>";
		};
		2569C0262629D6DD0003810E /* Products */ = {
			isa = PBXGroup;
			children = (
				2569C0252629D6DD0003810E /* LillysStory.app */,
			);
			name = Products;
			sourceTree = "<group>";
		};
		2569C0272629D6DD0003810E /* LillysStory */ = {
			isa = PBXGroup;
			children = (
				2569C0282629D6DD0003810E /* AppDelegate.swift */,
				2569C02A2629D6DD0003810E /* SceneDelegate.swift */,
				2520D4D1262A1C5A005635EF /* Model */,
				2569C03D2629D72B0003810E /* View */,
				2569C03E2629D73F0003810E /* Controller */,
				2569C0312629D6DE0003810E /* Assets.xcassets */,
				2569C0332629D6DE0003810E /* LaunchScreen.storyboard */,
				2569C0362629D6DE0003810E /* Info.plist */,
			);
			path = LillysStory;
			sourceTree = "<group>";
		};
		2569C03D2629D72B0003810E /* View */ = {
			isa = PBXGroup;
			children = (
				2569C02E2629D6DD0003810E /* Main.storyboard */,
			);
			path = View;
			sourceTree = "<group>";
		};
		2569C03E2629D73F0003810E /* Controller */ = {
			isa = PBXGroup;
			children = (
				2569C02C2629D6DD0003810E /* ViewController.swift */,
			);
			path = Controller;
			sourceTree = "<group>";
		};
/* End PBXGroup section */

/* Begin PBXNativeTarget section */
		2569C0242629D6DD0003810E /* LillysStory */ = {
			isa = PBXNativeTarget;
			buildConfigurationList = 2569C0392629D6DE0003810E /* Build configuration list for PBXNativeTarget "LillysStory" */;
			buildPhases = (
				2569C0212629D6DD0003810E /* Sources */,
				2569C0222629D6DD0003810E /* Frameworks */,
				2569C0232629D6DD0003810E /* Resources */,
			);
			buildRules = (
			);
			dependencies = (
			);
			name = LillysStory;
			productName = LillysStory;
			productReference = 2569C0252629D6DD0003810E /* LillysStory.app */;
			productType = "com.apple.product-type.application";
		};
/* End PBXNativeTarget section */

/* Begin PBXProject section */
		2569C01D2629D6DD0003810E /* Project object */ = {
			isa = PBXProject;
			attributes = {
				LastSwiftUpdateCheck = 1240;
				LastUpgradeCheck = 1240;
				TargetAttributes = {
					2569C0242629D6DD0003810E = {
						CreatedOnToolsVersion = 12.4;
					};
				};
			};
			buildConfigurationList = 2569C0202629D6DD0003810E /* Build configuration list for PBXProject "LillysStory" */;
			compatibilityVersion = "Xcode 9.3";
			developmentRegion = en;
			hasScannedForEncodings = 0;
			knownRegions = (
				en,
				Base,
			);
			mainGroup = 2569C01C2629D6DD0003810E;
			productRefGroup = 2569C0262629D6DD0003810E /* Products */;
			projectDirPath = "";
			projectRoot = "";
			targets = (
				2569C0242629D6DD0003810E /* LillysStory */,
			);
		};
/* End PBXProject section */

/* Begin PBXResourcesBuildPhase section */
		2569C0232629D6DD0003810E /* Resources */ = {
			isa = PBXResourcesBuildPhase;
			buildActionMask = 2147483647;
			files = (
				2569C0352629D6DE0003810E /* LaunchScreen.storyboard in Resources */,
				2569C0322629D6DE0003810E /* Assets.xcassets in Resources */,
				2569C0302629D6DD0003810E /* Main.storyboard in Resources */,
			);
			runOnlyForDeploymentPostprocessing = 0;
		};
/* End PBXResourcesBuildPhase section */

/* Begin PBXSourcesBuildPhase section */
		2569C0212629D6DD0003810E /* Sources */ = {
			isa = PBXSourcesBuildPhase;
			buildActionMask = 2147483647;
			files = (
				2520D4D7262A1D07005635EF /* StoryBrain.swift in Sources */,
				2569C02D2629D6DD0003810E /* ViewController.swift in Sources */,
				2520D4D3262A1C77005635EF /* StoryModel.swift in Sources */,
				2569C0292629D6DD0003810E /* AppDelegate.swift in Sources */,
				2569C02B2629D6DD0003810E /* SceneDelegate.swift in Sources */,
			);
			runOnlyForDeploymentPostprocessing = 0;
		};
/* End PBXSourcesBuildPhase section */

/* Begin PBXVariantGroup section */
		2569C02E2629D6DD0003810E /* Main.storyboard */ = {
			isa = PBXVariantGroup;
			children = (
				2569C02F2629D6DD0003810E /* Base */,
			);
			name = Main.storyboard;
			sourceTree = "<group>";
		};
		2569C0332629D6DE0003810E /* LaunchScreen.storyboard */ = {
			isa = PBXVariantGroup;
			children = (
				2569C0342629D6DE0003810E /* Base */,
			);
			name = LaunchScreen.storyboard;
			sourceTree = "<group>";
		};
/* End PBXVariantGroup section */

/* Begin XCBuildConfiguration section */
		2569C0372629D6DE0003810E /* Debug */ = {
			isa = XCBuildConfiguration;
			buildSettings = {
				ALWAYS_SEARCH_USER_PATHS = NO;
				CLANG_ANALYZER_NONNULL = YES;
				CLANG_ANALYZER_NUMBER_OBJECT_CONVERSION = YES_AGGRESSIVE;
				CLANG_CXX_LANGUAGE_STANDARD = "gnu++14";
				CLANG_CXX_LIBRARY = "libc++";
				CLANG_ENABLE_MODULES = YES;
				CLANG_ENABLE_OBJC_ARC = YES;
				CLANG_ENABLE_OBJC_WEAK = YES;
				CLANG_WARN_BLOCK_CAPTURE_AUTORELEASING = YES;
				CLANG_WARN_BOOL_CONVERSION = YES;
				CLANG_WARN_COMMA = YES;
				CLANG_WARN_CONSTANT_CONVERSION = YES;
				CLANG_WARN_DEPRECATED_OBJC_IMPLEMENTATIONS = YES;
				CLANG_WARN_DIRECT_OBJC_ISA_USAGE = YES_ERROR;
				CLANG_WARN_DOCUMENTATION_COMMENTS = YES;
				CLANG_WARN_EMPTY_BODY = YES;
				CLANG_WARN_ENUM_CONVERSION = YES;
				CLANG_WARN_INFINITE_RECURSION = YES;
				CLANG_WARN_INT_CONVERSION = YES;
				CLANG_WARN_NON_LITERAL_NULL_CONVERSION = YES;
				CLANG_WARN_OBJC_IMPLICIT_RETAIN_SELF = YES;
				CLANG_WARN_OBJC_LITERAL_CONVERSION = YES;
				CLANG_WARN_OBJC_ROOT_CLASS = YES_ERROR;
				CLANG_WARN_QUOTED_INCLUDE_IN_FRAMEWORK_HEADER = YES;
				CLANG_WARN_RANGE_LOOP_ANALYSIS = YES;
				CLANG_WARN_STRICT_PROTOTYPES = YES;
				CLANG_WARN_SUSPICIOUS_MOVE = YES;
				CLANG_WARN_UNGUARDED_AVAILABILITY = YES_AGGRESSIVE;
				CLANG_WARN_UNREACHABLE_CODE = YES;
				CLANG_WARN__DUPLICATE_METHOD_MATCH = YES;
				COPY_PHASE_STRIP = NO;
				DEBUG_INFORMATION_FORMAT = dwarf;
				ENABLE_STRICT_OBJC_MSGSEND = YES;
				ENABLE_TESTABILITY = YES;
				GCC_C_LANGUAGE_STANDARD = gnu11;
				GCC_DYNAMIC_NO_PIC = NO;
				GCC_NO_COMMON_BLOCKS = YES;
				GCC_OPTIMIZATION_LEVEL = 0;
				GCC_PREPROCESSOR_DEFINITIONS = (
					"DEBUG=1",
					"$(inherited)",
				);
				GCC_WARN_64_TO_32_BIT_CONVERSION = YES;
				GCC_WARN_ABOUT_RETURN_TYPE = YES_ERROR;
				GCC_WARN_UNDECLARED_SELECTOR = YES;
				GCC_WARN_UNINITIALIZED_AUTOS = YES_AGGRESSIVE;
				GCC_WARN_UNUSED_FUNCTION = YES;
				GCC_WARN_UNUSED_VARIABLE = YES;
				IPHONEOS_DEPLOYMENT_TARGET = 14.4;
				MTL_ENABLE_DEBUG_INFO = INCLUDE_SOURCE;
				MTL_FAST_MATH = YES;
				ONLY_ACTIVE_ARCH = YES;
				SDKROOT = iphoneos;
				SWIFT_ACTIVE_COMPILATION_CONDITIONS = DEBUG;
				SWIFT_OPTIMIZATION_LEVEL = "-Onone";
			};
			name = Debug;
		};
		2569C0382629D6DE0003810E /* Release */ = {
			isa = XCBuildConfiguration;
			buildSettings = {
				ALWAYS_SEARCH_USER_PATHS = NO;
				CLANG_ANALYZER_NONNULL = YES;
				CLANG_ANALYZER_NUMBER_OBJECT_CONVERSION = YES_AGGRESSIVE;
				CLANG_CXX_LANGUAGE_STANDARD = "gnu++14";
				CLANG_CXX_LIBRARY = "libc++";
				CLANG_ENABLE_MODULES = YES;
				CLANG_ENABLE_OBJC_ARC = YES;
				CLANG_ENABLE_OBJC_WEAK = YES;
				CLANG_WARN_BLOCK_CAPTURE_AUTORELEASING = YES;
				CLANG_WARN_BOOL_CONVERSION = YES;
				CLANG_WARN_COMMA = YES;
				CLANG_WARN_CONSTANT_CONVERSION = YES;
				CLANG_WARN_DEPRECATED_OBJC_IMPLEMENTATIONS = YES;
				CLANG_WARN_DIRECT_OBJC_ISA_USAGE = YES_ERROR;
				CLANG_WARN_DOCUMENTATION_COMMENTS = YES;
				CLANG_WARN_EMPTY_BODY = YES;
				CLANG_WARN_ENUM_CONVERSION = YES;
				CLANG_WARN_INFINITE_RECURSION = YES;
				CLANG_WARN_INT_CONVERSION = YES;
				CLANG_WARN_NON_LITERAL_NULL_CONVERSION = YES;
				CLANG_WARN_OBJC_IMPLICIT_RETAIN_SELF = YES;
				CLANG_WARN_OBJC_LITERAL_CONVERSION = YES;
				CLANG_WARN_OBJC_ROOT_CLASS = YES_ERROR;
				CLANG_WARN_QUOTED_INCLUDE_IN_FRAMEWORK_HEADER = YES;
				CLANG_WARN_RANGE_LOOP_ANALYSIS = YES;
				CLANG_WARN_STRICT_PROTOTYPES = YES;
				CLANG_WARN_SUSPICIOUS_MOVE = YES;
				CLANG_WARN_UNGUARDED_AVAILABILITY = YES_AGGRESSIVE;
				CLANG_WARN_UNREACHABLE_CODE = YES;
				CLANG_WARN__DUPLICATE_METHOD_MATCH = YES;
				COPY_PHASE_STRIP = NO;
				DEBUG_INFORMATION_FORMAT = "dwarf-with-dsym";
				ENABLE_NS_ASSERTIONS = NO;
				ENABLE_STRICT_OBJC_MSGSEND = YES;
				GCC_C_LANGUAGE_STANDARD = gnu11;
				GCC_NO_COMMON_BLOCKS = YES;
				GCC_WARN_64_TO_32_BIT_CONVERSION = YES;
				GCC_WARN_ABOUT_RETURN_TYPE = YES_ERROR;
				GCC_WARN_UNDECLARED_SELECTOR = YES;
				GCC_WARN_UNINITIALIZED_AUTOS = YES_AGGRESSIVE;
				GCC_WARN_UNUSED_FUNCTION = YES;
				GCC_WARN_UNUSED_VARIABLE = YES;
				IPHONEOS_DEPLOYMENT_TARGET = 14.4;
				MTL_ENABLE_DEBUG_INFO = NO;
				MTL_FAST_MATH = YES;
				SDKROOT = iphoneos;
				SWIFT_COMPILATION_MODE = wholemodule;
				SWIFT_OPTIMIZATION_LEVEL = "-O";
				VALIDATE_PRODUCT = YES;
			};
			name = Release;
		};
		2569C03A2629D6DE0003810E /* Debug */ = {
			isa = XCBuildConfiguration;
			buildSettings = {
				ASSETCATALOG_COMPILER_APPICON_NAME = AppIcon;
				ASSETCATALOG_COMPILER_GLOBAL_ACCENT_COLOR_NAME = AccentColor;
				CODE_SIGN_STYLE = Automatic;
				DEVELOPMENT_TEAM = 4RVDGMAVH9;
				INFOPLIST_FILE = LillysStory/Info.plist;
				LD_RUNPATH_SEARCH_PATHS = (
					"$(inherited)",
					"@executable_path/Frameworks",
				);
				PRODUCT_BUNDLE_IDENTIFIER = com.michaeleinman.LillysStory;
				PRODUCT_NAME = "$(TARGET_NAME)";
				SWIFT_VERSION = 5.0;
				TARGETED_DEVICE_FAMILY = "1,2";
			};
			name = Debug;
		};
		2569C03B2629D6DE0003810E /* Release */ = {
			isa = XCBuildConfiguration;
			buildSettings = {
				ASSETCATALOG_COMPILER_APPICON_NAME = AppIcon;
				ASSETCATALOG_COMPILER_GLOBAL_ACCENT_COLOR_NAME = AccentColor;
				CODE_SIGN_STYLE = Automatic;
				DEVELOPMENT_TEAM = 4RVDGMAVH9;
				INFOPLIST_FILE = LillysStory/Info.plist;
				LD_RUNPATH_SEARCH_PATHS = (
					"$(inherited)",
					"@executable_path/Frameworks",
				);
				PRODUCT_BUNDLE_IDENTIFIER = com.michaeleinman.LillysStory;
				PRODUCT_NAME = "$(TARGET_NAME)";
				SWIFT_VERSION = 5.0;
				TARGETED_DEVICE_FAMILY = "1,2";
			};
			name = Release;
		};
/* End XCBuildConfiguration section */

/* Begin XCConfigurationList section */
		2569C0202629D6DD0003810E /* Build configuration list for PBXProject "LillysStory" */ = {
			isa = XCConfigurationList;
			buildConfigurations = (
				2569C0372629D6DE0003810E /* Debug */,
				2569C0382629D6DE0003810E /* Release */,
			);
			defaultConfigurationIsVisible = 0;
			defaultConfigurationName = Release;
		};
		2569C0392629D6DE0003810E /* Build configuration list for PBXNativeTarget "LillysStory" */ = {
			isa = XCConfigurationList;
			buildConfigurations = (
				2569C03A2629D6DE0003810E /* Debug */,
				2569C03B2629D6DE0003810E /* Release */,
			);
			defaultConfigurationIsVisible = 0;
			defaultConfigurationName = Release;
		};
/* End XCConfigurationList section */
	};
	rootObject = 2569C01D2629D6DD0003810E /* Project object */;
}
